// !$*UTF8*$!
{
	archiveVersion = 1;
	classes = {
	};
	objectVersion = 50;
	objects = {

/* Begin PBXBuildFile section */
		378641219A237EEC20F5861D /* Pods_SwiftProject.framework in Frameworks */ = {isa = PBXBuildFile; fileRef = D3CD2E3821B4BF3496B5D2B7 /* Pods_SwiftProject.framework */; };
		CB1F4D41208F058400B7AC80 /* AppDelegate.swift in Sources */ = {isa = PBXBuildFile; fileRef = CB1F4D40208F058400B7AC80 /* AppDelegate.swift */; };
		CB1F4D43208F058400B7AC80 /* ViewController.swift in Sources */ = {isa = PBXBuildFile; fileRef = CB1F4D42208F058400B7AC80 /* ViewController.swift */; };
		CB1F4D46208F058400B7AC80 /* Main.storyboard in Resources */ = {isa = PBXBuildFile; fileRef = CB1F4D44208F058400B7AC80 /* Main.storyboard */; };
		CB1F4D48208F058700B7AC80 /* Assets.xcassets in Resources */ = {isa = PBXBuildFile; fileRef = CB1F4D47208F058700B7AC80 /* Assets.xcassets */; };
		CB1F4D4B208F058700B7AC80 /* LaunchScreen.storyboard in Resources */ = {isa = PBXBuildFile; fileRef = CB1F4D49208F058700B7AC80 /* LaunchScreen.storyboard */; };
		CB1F4D56208F058700B7AC80 /* SwiftProjectTests.swift in Sources */ = {isa = PBXBuildFile; fileRef = CB1F4D55208F058700B7AC80 /* SwiftProjectTests.swift */; };
		CB1F4D61208F058700B7AC80 /* SwiftProjectUITests.swift in Sources */ = {isa = PBXBuildFile; fileRef = CB1F4D60208F058700B7AC80 /* SwiftProjectUITests.swift */; };
		CBD5F28B20B3EB7C00DFD55D /* HomeNewsModel.swift in Sources */ = {isa = PBXBuildFile; fileRef = CBD5F28A20B3EB7C00DFD55D /* HomeNewsModel.swift */; };
		CBD5F28E20B3F0D000DFD55D /* CollectionViewCell.swift in Sources */ = {isa = PBXBuildFile; fileRef = CBD5F28C20B3F0D000DFD55D /* CollectionViewCell.swift */; };
		CBD5F28F20B3F0D000DFD55D /* CollectionViewCell.xib in Resources */ = {isa = PBXBuildFile; fileRef = CBD5F28D20B3F0D000DFD55D /* CollectionViewCell.xib */; };
/* End PBXBuildFile section */

/* Begin PBXContainerItemProxy section */
		CB1F4D52208F058700B7AC80 /* PBXContainerItemProxy */ = {
			isa = PBXContainerItemProxy;
			containerPortal = CB1F4D35208F058400B7AC80 /* Project object */;
			proxyType = 1;
			remoteGlobalIDString = CB1F4D3C208F058400B7AC80;
			remoteInfo = SwiftProject;
		};
		CB1F4D5D208F058700B7AC80 /* PBXContainerItemProxy */ = {
			isa = PBXContainerItemProxy;
			containerPortal = CB1F4D35208F058400B7AC80 /* Project object */;
			proxyType = 1;
			remoteGlobalIDString = CB1F4D3C208F058400B7AC80;
			remoteInfo = SwiftProject;
		};
/* End PBXContainerItemProxy section */

/* Begin PBXFileReference section */
		10763A4A97AAE8CCC88C02AE /* Pods_SwiftProjectUITests.framework */ = {isa = PBXFileReference; explicitFileType = wrapper.framework; includeInIndex = 0; path = Pods_SwiftProjectUITests.framework; sourceTree = BUILT_PRODUCTS_DIR; };
		3F84D1437F2CB2427CB2F05F /* Pods-SwiftProject.release.xcconfig */ = {isa = PBXFileReference; includeInIndex = 1; lastKnownFileType = text.xcconfig; name = "Pods-SwiftProject.release.xcconfig"; path = "Pods/Target Support Files/Pods-SwiftProject/Pods-SwiftProject.release.xcconfig"; sourceTree = "<group>"; };
		60F4D4A42C6E93A78897220E /* Pods_SwiftProjectTests.framework */ = {isa = PBXFileReference; explicitFileType = wrapper.framework; includeInIndex = 0; path = Pods_SwiftProjectTests.framework; sourceTree = BUILT_PRODUCTS_DIR; };
		C5C2103A3291AD4479E12E6E /* Pods-SwiftProject.debug.xcconfig */ = {isa = PBXFileReference; includeInIndex = 1; lastKnownFileType = text.xcconfig; name = "Pods-SwiftProject.debug.xcconfig"; path = "Pods/Target Support Files/Pods-SwiftProject/Pods-SwiftProject.debug.xcconfig"; sourceTree = "<group>"; };
		CB1F4D3D208F058400B7AC80 /* SwiftProject.app */ = {isa = PBXFileReference; explicitFileType = wrapper.application; includeInIndex = 0; path = SwiftProject.app; sourceTree = BUILT_PRODUCTS_DIR; };
		CB1F4D40208F058400B7AC80 /* AppDelegate.swift */ = {isa = PBXFileReference; lastKnownFileType = sourcecode.swift; path = AppDelegate.swift; sourceTree = "<group>"; };
		CB1F4D42208F058400B7AC80 /* ViewController.swift */ = {isa = PBXFileReference; lastKnownFileType = sourcecode.swift; path = ViewController.swift; sourceTree = "<group>"; };
		CB1F4D45208F058400B7AC80 /* Base */ = {isa = PBXFileReference; lastKnownFileType = file.storyboard; name = Base; path = Base.lproj/Main.storyboard; sourceTree = "<group>"; };
		CB1F4D47208F058700B7AC80 /* Assets.xcassets */ = {isa = PBXFileReference; lastKnownFileType = folder.assetcatalog; path = Assets.xcassets; sourceTree = "<group>"; };
		CB1F4D4A208F058700B7AC80 /* Base */ = {isa = PBXFileReference; lastKnownFileType = file.storyboard; name = Base; path = Base.lproj/LaunchScreen.storyboard; sourceTree = "<group>"; };
		CB1F4D4C208F058700B7AC80 /* Info.plist */ = {isa = PBXFileReference; lastKnownFileType = text.plist.xml; path = Info.plist; sourceTree = "<group>"; };
		CB1F4D51208F058700B7AC80 /* SwiftProjectTests.xctest */ = {isa = PBXFileReference; explicitFileType = wrapper.cfbundle; includeInIndex = 0; path = SwiftProjectTests.xctest; sourceTree = BUILT_PRODUCTS_DIR; };
		CB1F4D55208F058700B7AC80 /* SwiftProjectTests.swift */ = {isa = PBXFileReference; lastKnownFileType = sourcecode.swift; path = SwiftProjectTests.swift; sourceTree = "<group>"; };
		CB1F4D57208F058700B7AC80 /* Info.plist */ = {isa = PBXFileReference; lastKnownFileType = text.plist.xml; path = Info.plist; sourceTree = "<group>"; };
		CB1F4D5C208F058700B7AC80 /* SwiftProjectUITests.xctest */ = {isa = PBXFileReference; explicitFileType = wrapper.cfbundle; includeInIndex = 0; path = SwiftProjectUITests.xctest; sourceTree = BUILT_PRODUCTS_DIR; };
		CB1F4D60208F058700B7AC80 /* SwiftProjectUITests.swift */ = {isa = PBXFileReference; lastKnownFileType = sourcecode.swift; path = SwiftProjectUITests.swift; sourceTree = "<group>"; };
		CB1F4D62208F058700B7AC80 /* Info.plist */ = {isa = PBXFileReference; lastKnownFileType = text.plist.xml; path = Info.plist; sourceTree = "<group>"; };
		CBD3163620B2CF88000D793B /* MyPlayground.playground */ = {isa = PBXFileReference; lastKnownFileType = file.playground; path = MyPlayground.playground; sourceTree = "<group>"; xcLanguageSpecificationIdentifier = xcode.lang.swift; };
		CBD5F28A20B3EB7C00DFD55D /* HomeNewsModel.swift */ = {isa = PBXFileReference; lastKnownFileType = sourcecode.swift; path = HomeNewsModel.swift; sourceTree = "<group>"; };
		CBD5F28C20B3F0D000DFD55D /* CollectionViewCell.swift */ = {isa = PBXFileReference; lastKnownFileType = sourcecode.swift; path = CollectionViewCell.swift; sourceTree = "<group>"; };
		CBD5F28D20B3F0D000DFD55D /* CollectionViewCell.xib */ = {isa = PBXFileReference; lastKnownFileType = file.xib; path = CollectionViewCell.xib; sourceTree = "<group>"; };
		D3CD2E3821B4BF3496B5D2B7 /* Pods_SwiftProject.framework */ = {isa = PBXFileReference; explicitFileType = wrapper.framework; includeInIndex = 0; path = Pods_SwiftProject.framework; sourceTree = BUILT_PRODUCTS_DIR; };
/* End PBXFileReference section */

/* Begin PBXFrameworksBuildPhase section */
		CB1F4D3A208F058400B7AC80 /* Frameworks */ = {
			isa = PBXFrameworksBuildPhase;
			buildActionMask = 2147483647;
			files = (
				378641219A237EEC20F5861D /* Pods_SwiftProject.framework in Frameworks */,
			);
			runOnlyForDeploymentPostprocessing = 0;
		};
		CB1F4D4E208F058700B7AC80 /* Frameworks */ = {
			isa = PBXFrameworksBuildPhase;
			buildActionMask = 2147483647;
			files = (
			);
			runOnlyForDeploymentPostprocessing = 0;
		};
		CB1F4D59208F058700B7AC80 /* Frameworks */ = {
			isa = PBXFrameworksBuildPhase;
			buildActionMask = 2147483647;
			files = (
			);
			runOnlyForDeploymentPostprocessing = 0;
		};
/* End PBXFrameworksBuildPhase section */

/* Begin PBXGroup section */
		950788BC530F7FF83427EB5A /* Frameworks */ = {
			isa = PBXGroup;
			children = (
				D3CD2E3821B4BF3496B5D2B7 /* Pods_SwiftProject.framework */,
				60F4D4A42C6E93A78897220E /* Pods_SwiftProjectTests.framework */,
				10763A4A97AAE8CCC88C02AE /* Pods_SwiftProjectUITests.framework */,
			);
			name = Frameworks;
			sourceTree = "<group>";
		};
		C6359C5FA31EBAED440566F5 /* Pods */ = {
			isa = PBXGroup;
			children = (
				C5C2103A3291AD4479E12E6E /* Pods-SwiftProject.debug.xcconfig */,
				3F84D1437F2CB2427CB2F05F /* Pods-SwiftProject.release.xcconfig */,
			);
			name = Pods;
			sourceTree = "<group>";
		};
		CB1F4D34208F058400B7AC80 = {
			isa = PBXGroup;
			children = (
				CB1F4D3F208F058400B7AC80 /* SwiftProject */,
				CB1F4D54208F058700B7AC80 /* SwiftProjectTests */,
				CB1F4D5F208F058700B7AC80 /* SwiftProjectUITests */,
				CB1F4D3E208F058400B7AC80 /* Products */,
				C6359C5FA31EBAED440566F5 /* Pods */,
				950788BC530F7FF83427EB5A /* Frameworks */,
			);
			sourceTree = "<group>";
		};
		CB1F4D3E208F058400B7AC80 /* Products */ = {
			isa = PBXGroup;
			children = (
				CB1F4D3D208F058400B7AC80 /* SwiftProject.app */,
				CB1F4D51208F058700B7AC80 /* SwiftProjectTests.xctest */,
				CB1F4D5C208F058700B7AC80 /* SwiftProjectUITests.xctest */,
			);
			name = Products;
			sourceTree = "<group>";
		};
		CB1F4D3F208F058400B7AC80 /* SwiftProject */ = {
			isa = PBXGroup;
			children = (
				CBD3163620B2CF88000D793B /* MyPlayground.playground */,
				CB1F4D40208F058400B7AC80 /* AppDelegate.swift */,
				CB1F4D42208F058400B7AC80 /* ViewController.swift */,
				CBD5F28A20B3EB7C00DFD55D /* HomeNewsModel.swift */,
				CB1F4D44208F058400B7AC80 /* Main.storyboard */,
				CB1F4D47208F058700B7AC80 /* Assets.xcassets */,
				CB1F4D49208F058700B7AC80 /* LaunchScreen.storyboard */,
				CB1F4D4C208F058700B7AC80 /* Info.plist */,
				CBD5F28C20B3F0D000DFD55D /* CollectionViewCell.swift */,
				CBD5F28D20B3F0D000DFD55D /* CollectionViewCell.xib */,
			);
			path = SwiftProject;
			sourceTree = "<group>";
		};
		CB1F4D54208F058700B7AC80 /* SwiftProjectTests */ = {
			isa = PBXGroup;
			children = (
				CB1F4D55208F058700B7AC80 /* SwiftProjectTests.swift */,
				CB1F4D57208F058700B7AC80 /* Info.plist */,
			);
			path = SwiftProjectTests;
			sourceTree = "<group>";
		};
		CB1F4D5F208F058700B7AC80 /* SwiftProjectUITests */ = {
			isa = PBXGroup;
			children = (
				CB1F4D60208F058700B7AC80 /* SwiftProjectUITests.swift */,
				CB1F4D62208F058700B7AC80 /* Info.plist */,
			);
			path = SwiftProjectUITests;
			sourceTree = "<group>";
		};
/* End PBXGroup section */

/* Begin PBXNativeTarget section */
		CB1F4D3C208F058400B7AC80 /* SwiftProject */ = {
			isa = PBXNativeTarget;
			buildConfigurationList = CB1F4D65208F058700B7AC80 /* Build configuration list for PBXNativeTarget "SwiftProject" */;
			buildPhases = (
				1623ADE421AA1991BE017CC3 /* [CP] Check Pods Manifest.lock */,
				CB1F4D39208F058400B7AC80 /* Sources */,
				CB1F4D3A208F058400B7AC80 /* Frameworks */,
				CB1F4D3B208F058400B7AC80 /* Resources */,
				196D2EEBE42629F397924A77 /* [CP] Embed Pods Frameworks */,
			);
			buildRules = (
			);
			dependencies = (
			);
			name = SwiftProject;
			productName = SwiftProject;
			productReference = CB1F4D3D208F058400B7AC80 /* SwiftProject.app */;
			productType = "com.apple.product-type.application";
		};
		CB1F4D50208F058700B7AC80 /* SwiftProjectTests */ = {
			isa = PBXNativeTarget;
			buildConfigurationList = CB1F4D68208F058700B7AC80 /* Build configuration list for PBXNativeTarget "SwiftProjectTests" */;
			buildPhases = (
				CB1F4D4D208F058700B7AC80 /* Sources */,
				CB1F4D4E208F058700B7AC80 /* Frameworks */,
				CB1F4D4F208F058700B7AC80 /* Resources */,
			);
			buildRules = (
			);
			dependencies = (
				CB1F4D53208F058700B7AC80 /* PBXTargetDependency */,
			);
			name = SwiftProjectTests;
			productName = SwiftProjectTests;
			productReference = CB1F4D51208F058700B7AC80 /* SwiftProjectTests.xctest */;
			productType = "com.apple.product-type.bundle.unit-test";
		};
		CB1F4D5B208F058700B7AC80 /* SwiftProjectUITests */ = {
			isa = PBXNativeTarget;
			buildConfigurationList = CB1F4D6B208F058700B7AC80 /* Build configuration list for PBXNativeTarget "SwiftProjectUITests" */;
			buildPhases = (
				CB1F4D58208F058700B7AC80 /* Sources */,
				CB1F4D59208F058700B7AC80 /* Frameworks */,
				CB1F4D5A208F058700B7AC80 /* Resources */,
			);
			buildRules = (
			);
			dependencies = (
				CB1F4D5E208F058700B7AC80 /* PBXTargetDependency */,
			);
			name = SwiftProjectUITests;
			productName = SwiftProjectUITests;
			productReference = CB1F4D5C208F058700B7AC80 /* SwiftProjectUITests.xctest */;
			productType = "com.apple.product-type.bundle.ui-testing";
		};
/* End PBXNativeTarget section */

/* Begin PBXProject section */
		CB1F4D35208F058400B7AC80 /* Project object */ = {
			isa = PBXProject;
			attributes = {
				LastSwiftUpdateCheck = 0930;
				LastUpgradeCheck = 0930;
				ORGANIZATIONNAME = Joky_Lee;
				TargetAttributes = {
					CB1F4D3C208F058400B7AC80 = {
						CreatedOnToolsVersion = 9.3;
					};
					CB1F4D50208F058700B7AC80 = {
						CreatedOnToolsVersion = 9.3;
						TestTargetID = CB1F4D3C208F058400B7AC80;
					};
					CB1F4D5B208F058700B7AC80 = {
						CreatedOnToolsVersion = 9.3;
						TestTargetID = CB1F4D3C208F058400B7AC80;
					};
				};
			};
			buildConfigurationList = CB1F4D38208F058400B7AC80 /* Build configuration list for PBXProject "SwiftProject" */;
			compatibilityVersion = "Xcode 9.3";
			developmentRegion = en;
			hasScannedForEncodings = 0;
			knownRegions = (
				en,
				Base,
			);
			mainGroup = CB1F4D34208F058400B7AC80;
			productRefGroup = CB1F4D3E208F058400B7AC80 /* Products */;
			projectDirPath = "";
			projectRoot = "";
			targets = (
				CB1F4D3C208F058400B7AC80 /* SwiftProject */,
				CB1F4D50208F058700B7AC80 /* SwiftProjectTests */,
				CB1F4D5B208F058700B7AC80 /* SwiftProjectUITests */,
			);
		};
/* End PBXProject section */

/* Begin PBXResourcesBuildPhase section */
		CB1F4D3B208F058400B7AC80 /* Resources */ = {
			isa = PBXResourcesBuildPhase;
			buildActionMask = 2147483647;
			files = (
				CB1F4D4B208F058700B7AC80 /* LaunchScreen.storyboard in Resources */,
				CB1F4D48208F058700B7AC80 /* Assets.xcassets in Resources */,
				CBD5F28F20B3F0D000DFD55D /* CollectionViewCell.xib in Resources */,
				CB1F4D46208F058400B7AC80 /* Main.storyboard in Resources */,
			);
			runOnlyForDeploymentPostprocessing = 0;
		};
		CB1F4D4F208F058700B7AC80 /* Resources */ = {
			isa = PBXResourcesBuildPhase;
			buildActionMask = 2147483647;
			files = (
			);
			runOnlyForDeploymentPostprocessing = 0;
		};
		CB1F4D5A208F058700B7AC80 /* Resources */ = {
			isa = PBXResourcesBuildPhase;
			buildActionMask = 2147483647;
			files = (
			);
			runOnlyForDeploymentPostprocessing = 0;
		};
/* End PBXResourcesBuildPhase section */

/* Begin PBXShellScriptBuildPhase section */
		1623ADE421AA1991BE017CC3 /* [CP] Check Pods Manifest.lock */ = {
			isa = PBXShellScriptBuildPhase;
			buildActionMask = 2147483647;
			files = (
			);
			inputPaths = (
				"${PODS_PODFILE_DIR_PATH}/Podfile.lock",
				"${PODS_ROOT}/Manifest.lock",
			);
			name = "[CP] Check Pods Manifest.lock";
			outputPaths = (
				"$(DERIVED_FILE_DIR)/Pods-SwiftProject-checkManifestLockResult.txt",
			);
			runOnlyForDeploymentPostprocessing = 0;
			shellPath = /bin/sh;
			shellScript = "diff \"${PODS_PODFILE_DIR_PATH}/Podfile.lock\" \"${PODS_ROOT}/Manifest.lock\" > /dev/null\nif [ $? != 0 ] ; then\n    # print error to STDERR\n    echo \"error: The sandbox is not in sync with the Podfile.lock. Run 'pod install' or update your CocoaPods installation.\" >&2\n    exit 1\nfi\n# This output is used by Xcode 'outputs' to avoid re-running this script phase.\necho \"SUCCESS\" > \"${SCRIPT_OUTPUT_FILE_0}\"\n";
			showEnvVarsInLog = 0;
		};
		196D2EEBE42629F397924A77 /* [CP] Embed Pods Frameworks */ = {
			isa = PBXShellScriptBuildPhase;
			buildActionMask = 2147483647;
			files = (
			);
			inputPaths = (
				"${SRCROOT}/Pods/Target Support Files/Pods-SwiftProject/Pods-SwiftProject-frameworks.sh",
				"${BUILT_PRODUCTS_DIR}/Alamofire/Alamofire.framework",
				"${BUILT_PRODUCTS_DIR}/HandyJSON/HandyJSON.framework",
				"${BUILT_PRODUCTS_DIR}/MJRefresh/MJRefresh.framework",
				"${BUILT_PRODUCTS_DIR}/SVProgressHUD/SVProgressHUD.framework",
				"${BUILT_PRODUCTS_DIR}/SwiftyJSON/SwiftyJSON.framework",
				"${BUILT_PRODUCTS_DIR}/Tiercel/Tiercel.framework",
			);
			name = "[CP] Embed Pods Frameworks";
			outputPaths = (
				"${TARGET_BUILD_DIR}/${FRAMEWORKS_FOLDER_PATH}/Alamofire.framework",
				"${TARGET_BUILD_DIR}/${FRAMEWORKS_FOLDER_PATH}/HandyJSON.framework",
				"${TARGET_BUILD_DIR}/${FRAMEWORKS_FOLDER_PATH}/MJRefresh.framework",
				"${TARGET_BUILD_DIR}/${FRAMEWORKS_FOLDER_PATH}/SVProgressHUD.framework",
				"${TARGET_BUILD_DIR}/${FRAMEWORKS_FOLDER_PATH}/SwiftyJSON.framework",
				"${TARGET_BUILD_DIR}/${FRAMEWORKS_FOLDER_PATH}/Tiercel.framework",
			);
			runOnlyForDeploymentPostprocessing = 0;
			shellPath = /bin/sh;
			shellScript = "\"${SRCROOT}/Pods/Target Support Files/Pods-SwiftProject/Pods-SwiftProject-frameworks.sh\"\n";
			showEnvVarsInLog = 0;
		};
/* End PBXShellScriptBuildPhase section */

/* Begin PBXSourcesBuildPhase section */
		CB1F4D39208F058400B7AC80 /* Sources */ = {
			isa = PBXSourcesBuildPhase;
			buildActionMask = 2147483647;
			files = (
				CB1F4D43208F058400B7AC80 /* ViewController.swift in Sources */,
				CB1F4D41208F058400B7AC80 /* AppDelegate.swift in Sources */,
				CBD5F28E20B3F0D000DFD55D /* CollectionViewCell.swift in Sources */,
				CBD5F28B20B3EB7C00DFD55D /* HomeNewsModel.swift in Sources */,
			);
			runOnlyForDeploymentPostprocessing = 0;
		};
		CB1F4D4D208F058700B7AC80 /* Sources */ = {
			isa = PBXSourcesBuildPhase;
			buildActionMask = 2147483647;
			files = (
				CB1F4D56208F058700B7AC80 /* SwiftProjectTests.swift in Sources */,
			);
			runOnlyForDeploymentPostprocessing = 0;
		};
		CB1F4D58208F058700B7AC80 /* Sources */ = {
			isa = PBXSourcesBuildPhase;
			buildActionMask = 2147483647;
			files = (
				CB1F4D61208F058700B7AC80 /* SwiftProjectUITests.swift in Sources */,
			);
			runOnlyForDeploymentPostprocessing = 0;
		};
/* End PBXSourcesBuildPhase section */

/* Begin PBXTargetDependency section */
		CB1F4D53208F058700B7AC80 /* PBXTargetDependency */ = {
			isa = PBXTargetDependency;
			target = CB1F4D3C208F058400B7AC80 /* SwiftProject */;
			targetProxy = CB1F4D52208F058700B7AC80 /* PBXContainerItemProxy */;
		};
		CB1F4D5E208F058700B7AC80 /* PBXTargetDependency */ = {
			isa = PBXTargetDependency;
			target = CB1F4D3C208F058400B7AC80 /* SwiftProject */;
			targetProxy = CB1F4D5D208F058700B7AC80 /* PBXContainerItemProxy */;
		};
/* End PBXTargetDependency section */

/* Begin PBXVariantGroup section */
		CB1F4D44208F058400B7AC80 /* Main.storyboard */ = {
			isa = PBXVariantGroup;
			children = (
				CB1F4D45208F058400B7AC80 /* Base */,
			);
			name = Main.storyboard;
			sourceTree = "<group>";
		};
		CB1F4D49208F058700B7AC80 /* LaunchScreen.storyboard */ = {
			isa = PBXVariantGroup;
			children = (
				CB1F4D4A208F058700B7AC80 /* Base */,
			);
			name = LaunchScreen.storyboard;
			sourceTree = "<group>";
		};
/* End PBXVariantGroup section */

/* Begin XCBuildConfiguration section */
		CB1F4D63208F058700B7AC80 /* Debug */ = {
			isa = XCBuildConfiguration;
			buildSettings = {
				ALWAYS_SEARCH_USER_PATHS = NO;
				CLANG_ANALYZER_NONNULL = YES;
				CLANG_ANALYZER_NUMBER_OBJECT_CONVERSION = YES_AGGRESSIVE;
				CLANG_CXX_LANGUAGE_STANDARD = "gnu++14";
				CLANG_CXX_LIBRARY = "libc++";
				CLANG_ENABLE_MODULES = YES;
				CLANG_ENABLE_OBJC_ARC = YES;
				CLANG_ENABLE_OBJC_WEAK = YES;
				CLANG_WARN_BLOCK_CAPTURE_AUTORELEASING = YES;
				CLANG_WARN_BOOL_CONVERSION = YES;
				CLANG_WARN_COMMA = YES;
				CLANG_WARN_CONSTANT_CONVERSION = YES;
				CLANG_WARN_DEPRECATED_OBJC_IMPLEMENTATIONS = YES;
				CLANG_WARN_DIRECT_OBJC_ISA_USAGE = YES_ERROR;
				CLANG_WARN_DOCUMENTATION_COMMENTS = YES;
				CLANG_WARN_EMPTY_BODY = YES;
				CLANG_WARN_ENUM_CONVERSION = YES;
				CLANG_WARN_INFINITE_RECURSION = YES;
				CLANG_WARN_INT_CONVERSION = YES;
				CLANG_WARN_NON_LITERAL_NULL_CONVERSION = YES;
				CLANG_WARN_OBJC_IMPLICIT_RETAIN_SELF = YES;
				CLANG_WARN_OBJC_LITERAL_CONVERSION = YES;
				CLANG_WARN_OBJC_ROOT_CLASS = YES_ERROR;
				CLANG_WARN_RANGE_LOOP_ANALYSIS = YES;
				CLANG_WARN_STRICT_PROTOTYPES = YES;
				CLANG_WARN_SUSPICIOUS_MOVE = YES;
				CLANG_WARN_UNGUARDED_AVAILABILITY = YES_AGGRESSIVE;
				CLANG_WARN_UNREACHABLE_CODE = YES;
				CLANG_WARN__DUPLICATE_METHOD_MATCH = YES;
				CODE_SIGN_IDENTITY = "iPhone Developer";
				COPY_PHASE_STRIP = NO;
				DEBUG_INFORMATION_FORMAT = dwarf;
				ENABLE_STRICT_OBJC_MSGSEND = YES;
				ENABLE_TESTABILITY = YES;
				GCC_C_LANGUAGE_STANDARD = gnu11;
				GCC_DYNAMIC_NO_PIC = NO;
				GCC_NO_COMMON_BLOCKS = YES;
				GCC_OPTIMIZATION_LEVEL = 0;
				GCC_PREPROCESSOR_DEFINITIONS = (
					"DEBUG=1",
					"$(inherited)",
				);
				GCC_WARN_64_TO_32_BIT_CONVERSION = YES;
				GCC_WARN_ABOUT_RETURN_TYPE = YES_ERROR;
				GCC_WARN_UNDECLARED_SELECTOR = YES;
				GCC_WARN_UNINITIALIZED_AUTOS = YES_AGGRESSIVE;
				GCC_WARN_UNUSED_FUNCTION = YES;
				GCC_WARN_UNUSED_VARIABLE = YES;
				IPHONEOS_DEPLOYMENT_TARGET = 11.3;
				MTL_ENABLE_DEBUG_INFO = YES;
				ONLY_ACTIVE_ARCH = YES;
				SDKROOT = iphoneos;
				SWIFT_ACTIVE_COMPILATION_CONDITIONS = DEBUG;
				SWIFT_OPTIMIZATION_LEVEL = "-Onone";
			};
			name = Debug;
		};
		CB1F4D64208F058700B7AC80 /* Release */ = {
			isa = XCBuildConfiguration;
			buildSettings = {
				ALWAYS_SEARCH_USER_PATHS = NO;
				CLANG_ANALYZER_NONNULL = YES;
				CLANG_ANALYZER_NUMBER_OBJECT_CONVERSION = YES_AGGRESSIVE;
				CLANG_CXX_LANGUAGE_STANDARD = "gnu++14";
				CLANG_CXX_LIBRARY = "libc++";
				CLANG_ENABLE_MODULES = YES;
				CLANG_ENABLE_OBJC_ARC = YES;
				CLANG_ENABLE_OBJC_WEAK = YES;
				CLANG_WARN_BLOCK_CAPTURE_AUTORELEASING = YES;
				CLANG_WARN_BOOL_CONVERSION = YES;
				CLANG_WARN_COMMA = YES;
				CLANG_WARN_CONSTANT_CONVERSION = YES;
				CLANG_WARN_DEPRECATED_OBJC_IMPLEMENTATIONS = YES;
				CLANG_WARN_DIRECT_OBJC_ISA_USAGE = YES_ERROR;
				CLANG_WARN_DOCUMENTATION_COMMENTS = YES;
				CLANG_WARN_EMPTY_BODY = YES;
				CLANG_WARN_ENUM_CONVERSION = YES;
				CLANG_WARN_INFINITE_RECURSION = YES;
				CLANG_WARN_INT_CONVERSION = YES;
				CLANG_WARN_NON_LITERAL_NULL_CONVERSION = YES;
				CLANG_WARN_OBJC_IMPLICIT_RETAIN_SELF = YES;
				CLANG_WARN_OBJC_LITERAL_CONVERSION = YES;
				CLANG_WARN_OBJC_ROOT_CLASS = YES_ERROR;
				CLANG_WARN_RANGE_LOOP_ANALYSIS = YES;
				CLANG_WARN_STRICT_PROTOTYPES = YES;
				CLANG_WARN_SUSPICIOUS_MOVE = YES;
				CLANG_WARN_UNGUARDED_AVAILABILITY = YES_AGGRESSIVE;
				CLANG_WARN_UNREACHABLE_CODE = YES;
				CLANG_WARN__DUPLICATE_METHOD_MATCH = YES;
				CODE_SIGN_IDENTITY = "iPhone Developer";
				COPY_PHASE_STRIP = NO;
				DEBUG_INFORMATION_FORMAT = "dwarf-with-dsym";
				ENABLE_NS_ASSERTIONS = NO;
				ENABLE_STRICT_OBJC_MSGSEND = YES;
				GCC_C_LANGUAGE_STANDARD = gnu11;
				GCC_NO_COMMON_BLOCKS = YES;
				GCC_WARN_64_TO_32_BIT_CONVERSION = YES;
				GCC_WARN_ABOUT_RETURN_TYPE = YES_ERROR;
				GCC_WARN_UNDECLARED_SELECTOR = YES;
				GCC_WARN_UNINITIALIZED_AUTOS = YES_AGGRESSIVE;
				GCC_WARN_UNUSED_FUNCTION = YES;
				GCC_WARN_UNUSED_VARIABLE = YES;
				IPHONEOS_DEPLOYMENT_TARGET = 11.3;
				MTL_ENABLE_DEBUG_INFO = NO;
				SDKROOT = iphoneos;
				SWIFT_COMPILATION_MODE = wholemodule;
				SWIFT_OPTIMIZATION_LEVEL = "-O";
				VALIDATE_PRODUCT = YES;
			};
			name = Release;
		};
		CB1F4D66208F058700B7AC80 /* Debug */ = {
			isa = XCBuildConfiguration;
			baseConfigurationReference = C5C2103A3291AD4479E12E6E /* Pods-SwiftProject.debug.xcconfig */;
			buildSettings = {
				ASSETCATALOG_COMPILER_APPICON_NAME = AppIcon;
				CODE_SIGN_STYLE = Automatic;
				INFOPLIST_FILE = SwiftProject/Info.plist;
				LD_RUNPATH_SEARCH_PATHS = "$(inherited) @executable_path/Frameworks";
				PRODUCT_BUNDLE_IDENTIFIER = szy.SwiftProject;
				PRODUCT_NAME = "$(TARGET_NAME)";
				SWIFT_VERSION = 4.0;
				TARGETED_DEVICE_FAMILY = "1,2";
			};
			name = Debug;
		};
		CB1F4D67208F058700B7AC80 /* Release */ = {
			isa = XCBuildConfiguration;
			baseConfigurationReference = 3F84D1437F2CB2427CB2F05F /* Pods-SwiftProject.release.xcconfig */;
			buildSettings = {
				ASSETCATALOG_COMPILER_APPICON_NAME = AppIcon;
				CODE_SIGN_STYLE = Automatic;
				INFOPLIST_FILE = SwiftProject/Info.plist;
				LD_RUNPATH_SEARCH_PATHS = "$(inherited) @executable_path/Frameworks";
				PRODUCT_BUNDLE_IDENTIFIER = szy.SwiftProject;
				PRODUCT_NAME = "$(TARGET_NAME)";
				SWIFT_VERSION = 4.0;
				TARGETED_DEVICE_FAMILY = "1,2";
			};
			name = Release;
		};
		CB1F4D69208F058700B7AC80 /* Debug */ = {
			isa = XCBuildConfiguration;
			buildSettings = {
				ALWAYS_EMBED_SWIFT_STANDARD_LIBRARIES = YES;
				BUNDLE_LOADER = "$(TEST_HOST)";
				CODE_SIGN_STYLE = Automatic;
				INFOPLIST_FILE = SwiftProjectTests/Info.plist;
				LD_RUNPATH_SEARCH_PATHS = "$(inherited) @executable_path/Frameworks @loader_path/Frameworks";
				PRODUCT_BUNDLE_IDENTIFIER = szy.SwiftProjectTests;
				PRODUCT_NAME = "$(TARGET_NAME)";
				SWIFT_VERSION = 4.0;
				TARGETED_DEVICE_FAMILY = "1,2";
				TEST_HOST = "$(BUILT_PRODUCTS_DIR)/SwiftProject.app/SwiftProject";
			};
			name = Debug;
		};
		CB1F4D6A208F058700B7AC80 /* Release */ = {
			isa = XCBuildConfiguration;
			buildSettings = {
				ALWAYS_EMBED_SWIFT_STANDARD_LIBRARIES = YES;
				BUNDLE_LOADER = "$(TEST_HOST)";
				CODE_SIGN_STYLE = Automatic;
				INFOPLIST_FILE = SwiftProjectTests/Info.plist;
				LD_RUNPATH_SEARCH_PATHS = "$(inherited) @executable_path/Frameworks @loader_path/Frameworks";
				PRODUCT_BUNDLE_IDENTIFIER = szy.SwiftProjectTests;
				PRODUCT_NAME = "$(TARGET_NAME)";
				SWIFT_VERSION = 4.0;
				TARGETED_DEVICE_FAMILY = "1,2";
				TEST_HOST = "$(BUILT_PRODUCTS_DIR)/SwiftProject.app/SwiftProject";
			};
			name = Release;
		};
		CB1F4D6C208F058700B7AC80 /* Debug */ = {
			isa = XCBuildConfiguration;
			buildSettings = {
				ALWAYS_EMBED_SWIFT_STANDARD_LIBRARIES = YES;
				CODE_SIGN_STYLE = Automatic;
				INFOPLIST_FILE = SwiftProjectUITests/Info.plist;
				LD_RUNPATH_SEARCH_PATHS = "$(inherited) @executable_path/Frameworks @loader_path/Frameworks";
				PRODUCT_BUNDLE_IDENTIFIER = szy.SwiftProjectUITests;
				PRODUCT_NAME = "$(TARGET_NAME)";
				SWIFT_VERSION = 4.0;
				TARGETED_DEVICE_FAMILY = "1,2";
				TEST_TARGET_NAME = SwiftProject;
			};
			name = Debug;
		};
		CB1F4D6D208F058700B7AC80 /* Release */ = {
			isa = XCBuildConfiguration;
			buildSettings = {
				ALWAYS_EMBED_SWIFT_STANDARD_LIBRARIES = YES;
				CODE_SIGN_STYLE = Automatic;
				INFOPLIST_FILE = SwiftProjectUITests/Info.plist;
				LD_RUNPATH_SEARCH_PATHS = "$(inherited) @executable_path/Frameworks @loader_path/Frameworks";
				PRODUCT_BUNDLE_IDENTIFIER = szy.SwiftProjectUITests;
				PRODUCT_NAME = "$(TARGET_NAME)";
				SWIFT_VERSION = 4.0;
				TARGETED_DEVICE_FAMILY = "1,2";
				TEST_TARGET_NAME = SwiftProject;
			};
			name = Release;
		};
/* End XCBuildConfiguration section */

/* Begin XCConfigurationList section */
		CB1F4D38208F058400B7AC80 /* Build configuration list for PBXProject "SwiftProject" */ = {
			isa = XCConfigurationList;
			buildConfigurations = (
				CB1F4D63208F058700B7AC80 /* Debug */,
				CB1F4D64208F058700B7AC80 /* Release */,
			);
			defaultConfigurationIsVisible = 0;
			defaultConfigurationName = Release;
		};
		CB1F4D65208F058700B7AC80 /* Build configuration list for PBXNativeTarget "SwiftProject" */ = {
			isa = XCConfigurationList;
			buildConfigurations = (
				CB1F4D66208F058700B7AC80 /* Debug */,
				CB1F4D67208F058700B7AC80 /* Release */,
			);
			defaultConfigurationIsVisible = 0;
			defaultConfigurationName = Release;
		};
		CB1F4D68208F058700B7AC80 /* Build configuration list for PBXNativeTarget "SwiftProjectTests" */ = {
			isa = XCConfigurationList;
			buildConfigurations = (
				CB1F4D69208F058700B7AC80 /* Debug */,
				CB1F4D6A208F058700B7AC80 /* Release */,
			);
			defaultConfigurationIsVisible = 0;
			defaultConfigurationName = Release;
		};
		CB1F4D6B208F058700B7AC80 /* Build configuration list for PBXNativeTarget "SwiftProjectUITests" */ = {
			isa = XCConfigurationList;
			buildConfigurations = (
				CB1F4D6C208F058700B7AC80 /* Debug */,
				CB1F4D6D208F058700B7AC80 /* Release */,
			);
			defaultConfigurationIsVisible = 0;
			defaultConfigurationName = Release;
		};
/* End XCConfigurationList section */
	};
	rootObject = CB1F4D35208F058400B7AC80 /* Project object */;
}
